
Microsoft Visual Studio Solution File, Format Version 12.00
# Visual Studio Version 16
VisualStudioVersion = 16.0.30114.105
MinimumVisualStudioVersion = 10.0.40219.1
Project("{FAE04EC0-301F-11D3-BF4B-00C04F79EFBC}") = "Domain", "Domain\Domain.csproj", "{C6196EB3-55A1-4EA7-815A-781F05702B14}"
EndProject
Project("{FAE04EC0-301F-11D3-BF4B-00C04F79EFBC}") = "App", "App\App.csproj", "{8CB25234-8987-4BB9-9BC8-79AC5361060D}"
EndProject
Project("{FAE04EC0-301F-11D3-BF4B-00C04F79EFBC}") = "Infrastructure", "Infrastructure\Infrastructure.csproj", "{AA5BA54B-356B-4FE3-9D07-D3979E046BAC}"
EndProject
Project("{FAE04EC0-301F-11D3-BF4B-00C04F79EFBC}") = "WebApi", "WebApi\WebApi.csproj", "{591C733C-0E86-4454-851E-8EC329A5BEA2}"
EndProject
Global
	GlobalSection(SolutionConfigurationPlatforms) = preSolution
		Debug|Any CPU = Debug|Any CPU
		Release|Any CPU = Release|Any CPU
	EndGlobalSection
	GlobalSection(SolutionProperties) = preSolution
		HideSolutionNode = FALSE
	EndGlobalSection
	GlobalSection(ProjectConfigurationPlatforms) = postSolution
		{C6196EB3-55A1-4EA7-815A-781F05702B14}.Debug|Any CPU.ActiveCfg = Debug|Any CPU
		{C6196EB3-55A1-4EA7-815A-781F05702B14}.Debug|Any CPU.Build.0 = Debug|Any CPU
		{C6196EB3-55A1-4EA7-815A-781F05702B14}.Release|Any CPU.ActiveCfg = Release|Any CPU
		{C6196EB3-55A1-4EA7-815A-781F05702B14}.Release|Any CPU.Build.0 = Release|Any CPU
		{8CB25234-8987-4BB9-9BC8-79AC5361060D}.Debug|Any CPU.ActiveCfg = Debug|Any CPU
		{8CB25234-8987-4BB9-9BC8-79AC5361060D}.Debug|Any CPU.Build.0 = Debug|Any CPU
		{8CB25234-8987-4BB9-9BC8-79AC5361060D}.Release|Any CPU.ActiveCfg = Release|Any CPU
		{8CB25234-8987-4BB9-9BC8-79AC5361060D}.Release|Any CPU.Build.0 = Release|Any CPU
		{AA5BA54B-356B-4FE3-9D07-D3979E046BAC}.Debug|Any CPU.ActiveCfg = Debug|Any CPU
		{AA5BA54B-356B-4FE3-9D07-D3979E046BAC}.Debug|Any CPU.Build.0 = Debug|Any CPU
		{AA5BA54B-356B-4FE3-9D07-D3979E046BAC}.Release|Any CPU.ActiveCfg = Release|Any CPU
		{AA5BA54B-356B-4FE3-9D07-D3979E046BAC}.Release|Any CPU.Build.0 = Release|Any CPU
		{591C733C-0E86-4454-851E-8EC329A5BEA2}.Debug|Any CPU.ActiveCfg = Debug|Any CPU
		{591C733C-0E86-4454-851E-8EC329A5BEA2}.Debug|Any CPU.Build.0 = Debug|Any CPU
		{591C733C-0E86-4454-851E-8EC329A5BEA2}.Release|Any CPU.ActiveCfg = Release|Any CPU
		{591C733C-0E86-4454-851E-8EC329A5BEA2}.Release|Any CPU.Build.0 = Release|Any CPU
	EndGlobalSection
EndGlobal
